
Microsoft Visual Studio Solution File, Format Version 12.00
# Visual Studio 15
VisualStudioVersion = 15.0.28307.168
MinimumVisualStudioVersion = 10.0.40219.1
Project("{FAE04EC0-301F-11D3-BF4B-00C04F79EFBC}") = "CPUserControls", "CPUserControls\CPUserControls.csproj", "{DD27DBA7-3B2B-4D04-805C-F288013294D5}"
EndProject
Global
	GlobalSection(SolutionConfigurationPlatforms) = preSolution
		Debug|Any CPU = Debug|Any CPU
		Release|Any CPU = Release|Any CPU
	EndGlobalSection
	GlobalSection(ProjectConfigurationPlatforms) = postSolution
		{DD27DBA7-3B2B-4D04-805C-F288013294D5}.Debug|Any CPU.ActiveCfg = Debug|Any CPU
		{DD27DBA7-3B2B-4D04-805C-F288013294D5}.Debug|Any CPU.Build.0 = Debug|Any CPU
		{DD27DBA7-3B2B-4D04-805C-F288013294D5}.Release|Any CPU.ActiveCfg = Release|Any CPU
		{DD27DBA7-3B2B-4D04-805C-F288013294D5}.Release|Any CPU.Build.0 = Release|Any CPU
	EndGlobalSection
	GlobalSection(SolutionProperties) = preSolution
		HideSolutionNode = FALSE
	EndGlobalSection
	GlobalSection(ExtensibilityGlobals) = postSolution
		SolutionGuid = {0BB7963F-1FA4-48DE-ACCD-04635FFAE7D9}
	EndGlobalSection
EndGlobal
